
Microsoft Visual Studio Solution File, Format Version 12.00
# Visual Studio Version 17
VisualStudioVersion = 17.11.35222.181
MinimumVisualStudioVersion = 10.0.40219.1
Project("{FAE04EC0-301F-11D3-BF4B-00C04F79EFBC}") = "Week8", "Week8\Week8.csproj", "{1800BC71-DE15-44CF-86A4-73FE453F1019}"
EndProject
Global
	GlobalSection(SolutionConfigurationPlatforms) = preSolution
		Debug|Any CPU = Debug|Any CPU
		Release|Any CPU = Release|Any CPU
	EndGlobalSection
	GlobalSection(ProjectConfigurationPlatforms) = postSolution
		{1800BC71-DE15-44CF-86A4-73FE453F1019}.Debug|Any CPU.ActiveCfg = Debug|Any CPU
		{1800BC71-DE15-44CF-86A4-73FE453F1019}.Debug|Any CPU.Build.0 = Debug|Any CPU
		{1800BC71-DE15-44CF-86A4-73FE453F1019}.Release|Any CPU.ActiveCfg = Release|Any CPU
		{1800BC71-DE15-44CF-86A4-73FE453F1019}.Release|Any CPU.Build.0 = Release|Any CPU
	EndGlobalSection
	GlobalSection(SolutionProperties) = preSolution
		HideSolutionNode = FALSE
	EndGlobalSection
	GlobalSection(ExtensibilityGlobals) = postSolution
		SolutionGuid = {2CD2EFCB-9BBA-4441-A3AF-07D0C2CD2A01}
	EndGlobalSection
EndGlobal
